
Microsoft Visual Studio Solution File, Format Version 12.00
# Visual Studio 15
Project("{FAE04EC0-301F-11D3-BF4B-00C04F79EFBC}") = "Ziggeo.Xamarin.NetStandard", "Ziggeo.Xamarin.NetStandard\Ziggeo.Xamarin.NetStandard.csproj", "{B6ED4A52-2857-410A-8A78-4E5A83E64DB8}"
EndProject
Project("{5DD5E4FA-CB73-4610-85AB-557B54E96AA9}") = "Ziggeo.Xamarin.NetStandard.NuGet", "Ziggeo.Xamarin.NetStandard.NuGet\Ziggeo.Xamarin.NetStandard.NuGet.nuproj", "{4B336229-1505-4A36-BCD4-9D6B19DBFC2B}"
EndProject
Project("{FAE04EC0-301F-11D3-BF4B-00C04F79EFBC}") = "Ziggeo.Xamarin.iOS", "Ziggeo.Xamarin.iOS\Ziggeo.Xamarin.iOS.csproj", "{7E6DE777-DA24-4276-ABC8-025075D41ED0}"
EndProject
Project("{FAE04EC0-301F-11D3-BF4B-00C04F79EFBC}") = "Ziggeo.Android", "Ziggeo.Android\Ziggeo.Android.csproj", "{1340EB8E-A2FC-42BC-A1E2-C32F11161A6C}"
EndProject
Project("{FAE04EC0-301F-11D3-BF4B-00C04F79EFBC}") = "Ziggeo.BindingAndroidSDK", "Ziggeo.BindingAndroidSDK\Ziggeo.BindingAndroidSDK.csproj", "{687B157D-D39B-4B99-B380-702FD51ADBC6}"
EndProject
Project("{FAE04EC0-301F-11D3-BF4B-00C04F79EFBC}") = "BindingVideoCache", "BindingVideoCache\BindingVideoCache.csproj", "{15DA011B-63B4-4CA9-95AC-57FD86CCF7F3}"
EndProject
Global
	GlobalSection(SolutionConfigurationPlatforms) = preSolution
		Debug|Any CPU = Debug|Any CPU
		Release|Any CPU = Release|Any CPU
	EndGlobalSection
	GlobalSection(ProjectConfigurationPlatforms) = postSolution
		{B6ED4A52-2857-410A-8A78-4E5A83E64DB8}.Debug|Any CPU.ActiveCfg = Debug|Any CPU
		{B6ED4A52-2857-410A-8A78-4E5A83E64DB8}.Debug|Any CPU.Build.0 = Debug|Any CPU
		{B6ED4A52-2857-410A-8A78-4E5A83E64DB8}.Release|Any CPU.ActiveCfg = Release|Any CPU
		{B6ED4A52-2857-410A-8A78-4E5A83E64DB8}.Release|Any CPU.Build.0 = Release|Any CPU
		{4B336229-1505-4A36-BCD4-9D6B19DBFC2B}.Debug|Any CPU.ActiveCfg = Debug|Any CPU
		{4B336229-1505-4A36-BCD4-9D6B19DBFC2B}.Debug|Any CPU.Build.0 = Debug|Any CPU
		{4B336229-1505-4A36-BCD4-9D6B19DBFC2B}.Release|Any CPU.ActiveCfg = Release|Any CPU
		{4B336229-1505-4A36-BCD4-9D6B19DBFC2B}.Release|Any CPU.Build.0 = Release|Any CPU
		{7E6DE777-DA24-4276-ABC8-025075D41ED0}.Debug|Any CPU.ActiveCfg = Debug|Any CPU
		{7E6DE777-DA24-4276-ABC8-025075D41ED0}.Debug|Any CPU.Build.0 = Debug|Any CPU
		{7E6DE777-DA24-4276-ABC8-025075D41ED0}.Release|Any CPU.ActiveCfg = Release|Any CPU
		{7E6DE777-DA24-4276-ABC8-025075D41ED0}.Release|Any CPU.Build.0 = Release|Any CPU
		{1340EB8E-A2FC-42BC-A1E2-C32F11161A6C}.Debug|Any CPU.ActiveCfg = Debug|Any CPU
		{1340EB8E-A2FC-42BC-A1E2-C32F11161A6C}.Debug|Any CPU.Build.0 = Debug|Any CPU
		{1340EB8E-A2FC-42BC-A1E2-C32F11161A6C}.Release|Any CPU.ActiveCfg = Release|Any CPU
		{1340EB8E-A2FC-42BC-A1E2-C32F11161A6C}.Release|Any CPU.Build.0 = Release|Any CPU
		{687B157D-D39B-4B99-B380-702FD51ADBC6}.Debug|Any CPU.ActiveCfg = Debug|Any CPU
		{687B157D-D39B-4B99-B380-702FD51ADBC6}.Debug|Any CPU.Build.0 = Debug|Any CPU
		{687B157D-D39B-4B99-B380-702FD51ADBC6}.Release|Any CPU.ActiveCfg = Release|Any CPU
		{687B157D-D39B-4B99-B380-702FD51ADBC6}.Release|Any CPU.Build.0 = Release|Any CPU
		{15DA011B-63B4-4CA9-95AC-57FD86CCF7F3}.Debug|Any CPU.ActiveCfg = Debug|Any CPU
		{15DA011B-63B4-4CA9-95AC-57FD86CCF7F3}.Debug|Any CPU.Build.0 = Debug|Any CPU
		{15DA011B-63B4-4CA9-95AC-57FD86CCF7F3}.Release|Any CPU.ActiveCfg = Release|Any CPU
		{15DA011B-63B4-4CA9-95AC-57FD86CCF7F3}.Release|Any CPU.Build.0 = Release|Any CPU
	EndGlobalSection
EndGlobal
