Microsoft Visual Studio Solution File, Format Version 12.00
# Visual Studio 15
VisualStudioVersion = 15.0.27428.2015
MinimumVisualStudioVersion = 10.0.40219.1
Project("{D954291E-2A0B-460D-934E-DC6B0785DB48}") = "Ziggeo.Shared", "Ziggeo.Shared\Ziggeo.Shared.shproj", "{8ACB7744-1370-40D5-82CC-D4D2B3AAC988}"
EndProject
Project("{FAE04EC0-301F-11D3-BF4B-00C04F79EFBC}") = "Ziggeo.iOS", "Ziggeo.iOS\Ziggeo.iOS.csproj", "{7E6DE777-DA24-4276-ABC8-025075D41ED0}"
EndProject
Project("{FAE04EC0-301F-11D3-BF4B-00C04F79EFBC}") = "Ziggeo.Android", "Ziggeo.Android\Ziggeo.Android.csproj", "{1340EB8E-A2FC-42BC-A1E2-C32F11161A6C}"
EndProject
Project("{5DD5E4FA-CB73-4610-85AB-557B54E96AA9}") = "Ziggeo.NuGet", "Ziggeo.NuGet\Ziggeo.NuGet.nuproj", "{68B8AF7C-2CBB-4566-AE93-4E13204DD789}"
EndProject
Global
	GlobalSection(SharedMSBuildProjectFiles) = preSolution
		Ziggeo.Shared\Ziggeo.Shared.projitems*{1340eb8e-a2fc-42bc-a1e2-c32f11161a6c}*SharedItemsImports = 4
		Ziggeo.Shared\Ziggeo.Shared.projitems*{7e6de777-da24-4276-abc8-025075d41ed0}*SharedItemsImports = 4
		Ziggeo.Shared\Ziggeo.Shared.projitems*{8acb7744-1370-40d5-82cc-d4d2b3aac988}*SharedItemsImports = 13
	EndGlobalSection
	GlobalSection(SolutionConfigurationPlatforms) = preSolution
		Debug|Any CPU = Debug|Any CPU
		Release|Any CPU = Release|Any CPU
	EndGlobalSection
	GlobalSection(ProjectConfigurationPlatforms) = postSolution
		{7E6DE777-DA24-4276-ABC8-025075D41ED0}.Debug|Any CPU.ActiveCfg = Debug|Any CPU
		{7E6DE777-DA24-4276-ABC8-025075D41ED0}.Debug|Any CPU.Build.0 = Debug|Any CPU
		{7E6DE777-DA24-4276-ABC8-025075D41ED0}.Release|Any CPU.ActiveCfg = Release|Any CPU
		{7E6DE777-DA24-4276-ABC8-025075D41ED0}.Release|Any CPU.Build.0 = Release|Any CPU
		{1340EB8E-A2FC-42BC-A1E2-C32F11161A6C}.Debug|Any CPU.ActiveCfg = Debug|Any CPU
		{1340EB8E-A2FC-42BC-A1E2-C32F11161A6C}.Debug|Any CPU.Build.0 = Debug|Any CPU
		{1340EB8E-A2FC-42BC-A1E2-C32F11161A6C}.Release|Any CPU.ActiveCfg = Release|Any CPU
		{1340EB8E-A2FC-42BC-A1E2-C32F11161A6C}.Release|Any CPU.Build.0 = Release|Any CPU
		{68B8AF7C-2CBB-4566-AE93-4E13204DD789}.Debug|Any CPU.ActiveCfg = Debug|Any CPU
		{68B8AF7C-2CBB-4566-AE93-4E13204DD789}.Debug|Any CPU.Build.0 = Debug|Any CPU
		{68B8AF7C-2CBB-4566-AE93-4E13204DD789}.Release|Any CPU.ActiveCfg = Release|Any CPU
		{68B8AF7C-2CBB-4566-AE93-4E13204DD789}.Release|Any CPU.Build.0 = Release|Any CPU
	EndGlobalSection
	GlobalSection(SolutionProperties) = preSolution
		HideSolutionNode = FALSE
	EndGlobalSection
	GlobalSection(ExtensibilityGlobals) = postSolution
		SolutionGuid = {57B1C3F0-61AE-4178-98B4-3E6BD5057F9F}
	EndGlobalSection
	GlobalSection(MonoDevelopProperties) = preSolution
		version = 1.2.1
	EndGlobalSection
EndGlobal
